// !$*UTF8*$!
{
	archiveVersion = 1;
	classes = {
	};
	objectVersion = 56;
	objects = {

/* Begin PBXBuildFile section */
		363D668129CAB978004DAF55 /* SwiftUIView.swift in Sources */ = {isa = PBXBuildFile; fileRef = 363D668029CAB978004DAF55 /* SwiftUIView.swift */; };
		36457EFE29CCBBE00003CDC5 /* TableUIView.swift in Sources */ = {isa = PBXBuildFile; fileRef = 36457EFD29CCBBE00003CDC5 /* TableUIView.swift */; };
		36457F0029CCC40B0003CDC5 /* StoreListView.swift in Sources */ = {isa = PBXBuildFile; fileRef = 36457EFF29CCC40B0003CDC5 /* StoreListView.swift */; };
		36D8F57229CAB8D400AB703B /* FoodStorageApp.swift in Sources */ = {isa = PBXBuildFile; fileRef = 36D8F57129CAB8D400AB703B /* FoodStorageApp.swift */; };
		36D8F57429CAB8D400AB703B /* ContentView.swift in Sources */ = {isa = PBXBuildFile; fileRef = 36D8F57329CAB8D400AB703B /* ContentView.swift */; };
		36D8F57629CAB8D500AB703B /* Assets.xcassets in Resources */ = {isa = PBXBuildFile; fileRef = 36D8F57529CAB8D500AB703B /* Assets.xcassets */; };
		36D8F57929CAB8D500AB703B /* Preview Assets.xcassets in Resources */ = {isa = PBXBuildFile; fileRef = 36D8F57829CAB8D500AB703B /* Preview Assets.xcassets */; };
		36D8F57B29CAB8D500AB703B /* Persistence.swift in Sources */ = {isa = PBXBuildFile; fileRef = 36D8F57A29CAB8D500AB703B /* Persistence.swift */; };
		36D8F57E29CAB8D500AB703B /* FoodStorage.xcdatamodeld in Sources */ = {isa = PBXBuildFile; fileRef = 36D8F57C29CAB8D500AB703B /* FoodStorage.xcdatamodeld */; };
/* End PBXBuildFile section */

/* Begin PBXFileReference section */
		363D668029CAB978004DAF55 /* SwiftUIView.swift */ = {isa = PBXFileReference; fileEncoding = 4; lastKnownFileType = sourcecode.swift; path = SwiftUIView.swift; sourceTree = "<group>"; };
		36457EFD29CCBBE00003CDC5 /* TableUIView.swift */ = {isa = PBXFileReference; lastKnownFileType = sourcecode.swift; path = TableUIView.swift; sourceTree = "<group>"; };
		36457EFF29CCC40B0003CDC5 /* StoreListView.swift */ = {isa = PBXFileReference; lastKnownFileType = sourcecode.swift; path = StoreListView.swift; sourceTree = "<group>"; };
		36D8F56E29CAB8D400AB703B /* FoodStorage.app */ = {isa = PBXFileReference; explicitFileType = wrapper.application; includeInIndex = 0; path = FoodStorage.app; sourceTree = BUILT_PRODUCTS_DIR; };
		36D8F57129CAB8D400AB703B /* FoodStorageApp.swift */ = {isa = PBXFileReference; lastKnownFileType = sourcecode.swift; path = FoodStorageApp.swift; sourceTree = "<group>"; };
		36D8F57329CAB8D400AB703B /* ContentView.swift */ = {isa = PBXFileReference; lastKnownFileType = sourcecode.swift; path = ContentView.swift; sourceTree = "<group>"; };
		36D8F57529CAB8D500AB703B /* Assets.xcassets */ = {isa = PBXFileReference; lastKnownFileType = folder.assetcatalog; path = Assets.xcassets; sourceTree = "<group>"; };
		36D8F57829CAB8D500AB703B /* Preview Assets.xcassets */ = {isa = PBXFileReference; lastKnownFileType = folder.assetcatalog; path = "Preview Assets.xcassets"; sourceTree = "<group>"; };
		36D8F57A29CAB8D500AB703B /* Persistence.swift */ = {isa = PBXFileReference; lastKnownFileType = sourcecode.swift; path = Persistence.swift; sourceTree = "<group>"; };
		36D8F57D29CAB8D500AB703B /* FoodStorage.xcdatamodel */ = {isa = PBXFileReference; lastKnownFileType = wrapper.xcdatamodel; path = FoodStorage.xcdatamodel; sourceTree = "<group>"; };
/* End PBXFileReference section */

/* Begin PBXFrameworksBuildPhase section */
		36D8F56B29CAB8D400AB703B /* Frameworks */ = {
			isa = PBXFrameworksBuildPhase;
			buildActionMask = 2147483647;
			files = (
			);
			runOnlyForDeploymentPostprocessing = 0;
		};
/* End PBXFrameworksBuildPhase section */

/* Begin PBXGroup section */
		36D8F56529CAB8D400AB703B = {
			isa = PBXGroup;
			children = (
				36D8F57029CAB8D400AB703B /* FoodStorage */,
				36D8F56F29CAB8D400AB703B /* Products */,
			);
			sourceTree = "<group>";
		};
		36D8F56F29CAB8D400AB703B /* Products */ = {
			isa = PBXGroup;
			children = (
				36D8F56E29CAB8D400AB703B /* FoodStorage.app */,
			);
			name = Products;
			sourceTree = "<group>";
		};
		36D8F57029CAB8D400AB703B /* FoodStorage */ = {
			isa = PBXGroup;
			children = (
				36D8F57129CAB8D400AB703B /* FoodStorageApp.swift */,
				36D8F57329CAB8D400AB703B /* ContentView.swift */,
				363D668029CAB978004DAF55 /* SwiftUIView.swift */,
				36457EFD29CCBBE00003CDC5 /* TableUIView.swift */,
				36457EFF29CCC40B0003CDC5 /* StoreListView.swift */,
				36D8F57C29CAB8D500AB703B /* FoodStorage.xcdatamodeld */,
				36D8F57A29CAB8D500AB703B /* Persistence.swift */,
				36D8F57529CAB8D500AB703B /* Assets.xcassets */,
				36D8F57729CAB8D500AB703B /* Preview Content */,
			);
			path = FoodStorage;
			sourceTree = "<group>";
		};
		36D8F57729CAB8D500AB703B /* Preview Content */ = {
			isa = PBXGroup;
			children = (
				36D8F57829CAB8D500AB703B /* Preview Assets.xcassets */,
			);
			path = "Preview Content";
			sourceTree = "<group>";
		};
/* End PBXGroup section */

/* Begin PBXNativeTarget section */
		36D8F56D29CAB8D400AB703B /* FoodStorage */ = {
			isa = PBXNativeTarget;
			buildConfigurationList = 36D8F58129CAB8D500AB703B /* Build configuration list for PBXNativeTarget "FoodStorage" */;
			buildPhases = (
				36D8F56A29CAB8D400AB703B /* Sources */,
				36D8F56B29CAB8D400AB703B /* Frameworks */,
				36D8F56C29CAB8D400AB703B /* Resources */,
			);
			buildRules = (
			);
			dependencies = (
			);
			name = FoodStorage;
			productName = FoodStorage;
			productReference = 36D8F56E29CAB8D400AB703B /* FoodStorage.app */;
			productType = "com.apple.product-type.application";
		};
/* End PBXNativeTarget section */

/* Begin PBXProject section */
		36D8F56629CAB8D400AB703B /* Project object */ = {
			isa = PBXProject;
			attributes = {
				BuildIndependentTargetsInParallel = 1;
				LastSwiftUpdateCheck = 1420;
				LastUpgradeCheck = 1420;
				TargetAttributes = {
					36D8F56D29CAB8D400AB703B = {
						CreatedOnToolsVersion = 14.2;
					};
				};
			};
			buildConfigurationList = 36D8F56929CAB8D400AB703B /* Build configuration list for PBXProject "FoodStorage" */;
			compatibilityVersion = "Xcode 14.0";
			developmentRegion = en;
			hasScannedForEncodings = 0;
			knownRegions = (
				en,
				Base,
			);
			mainGroup = 36D8F56529CAB8D400AB703B;
			productRefGroup = 36D8F56F29CAB8D400AB703B /* Products */;
			projectDirPath = "";
			projectRoot = "";
			targets = (
				36D8F56D29CAB8D400AB703B /* FoodStorage */,
			);
		};
/* End PBXProject section */

/* Begin PBXResourcesBuildPhase section */
		36D8F56C29CAB8D400AB703B /* Resources */ = {
			isa = PBXResourcesBuildPhase;
			buildActionMask = 2147483647;
			files = (
				36D8F57929CAB8D500AB703B /* Preview Assets.xcassets in Resources */,
				36D8F57629CAB8D500AB703B /* Assets.xcassets in Resources */,
			);
			runOnlyForDeploymentPostprocessing = 0;
		};
/* End PBXResourcesBuildPhase section */

/* Begin PBXSourcesBuildPhase section */
		36D8F56A29CAB8D400AB703B /* Sources */ = {
			isa = PBXSourcesBuildPhase;
			buildActionMask = 2147483647;
			files = (
				36D8F57B29CAB8D500AB703B /* Persistence.swift in Sources */,
				36D8F57E29CAB8D500AB703B /* FoodStorage.xcdatamodeld in Sources */,
				36457F0029CCC40B0003CDC5 /* StoreListView.swift in Sources */,
				36457EFE29CCBBE00003CDC5 /* TableUIView.swift in Sources */,
				363D668129CAB978004DAF55 /* SwiftUIView.swift in Sources */,
				36D8F57429CAB8D400AB703B /* ContentView.swift in Sources */,
				36D8F57229CAB8D400AB703B /* FoodStorageApp.swift in Sources */,
			);
			runOnlyForDeploymentPostprocessing = 0;
		};
/* End PBXSourcesBuildPhase section */

/* Begin XCBuildConfiguration section */
		36D8F57F29CAB8D500AB703B /* Debug */ = {
			isa = XCBuildConfiguration;
			buildSettings = {
				ALWAYS_SEARCH_USER_PATHS = NO;
				CLANG_ANALYZER_NONNULL = YES;
				CLANG_ANALYZER_NUMBER_OBJECT_CONVERSION = YES_AGGRESSIVE;
				CLANG_CXX_LANGUAGE_STANDARD = "gnu++20";
				CLANG_ENABLE_MODULES = YES;
				CLANG_ENABLE_OBJC_ARC = YES;
				CLANG_ENABLE_OBJC_WEAK = YES;
				CLANG_WARN_BLOCK_CAPTURE_AUTORELEASING = YES;
				CLANG_WARN_BOOL_CONVERSION = YES;
				CLANG_WARN_COMMA = YES;
				CLANG_WARN_CONSTANT_CONVERSION = YES;
				CLANG_WARN_DEPRECATED_OBJC_IMPLEMENTATIONS = YES;
				CLANG_WARN_DIRECT_OBJC_ISA_USAGE = YES_ERROR;
				CLANG_WARN_DOCUMENTATION_COMMENTS = YES;
				CLANG_WARN_EMPTY_BODY = YES;
				CLANG_WARN_ENUM_CONVERSION = YES;
				CLANG_WARN_INFINITE_RECURSION = YES;
				CLANG_WARN_INT_CONVERSION = YES;
				CLANG_WARN_NON_LITERAL_NULL_CONVERSION = YES;
				CLANG_WARN_OBJC_IMPLICIT_RETAIN_SELF = YES;
				CLANG_WARN_OBJC_LITERAL_CONVERSION = YES;
				CLANG_WARN_OBJC_ROOT_CLASS = YES_ERROR;
				CLANG_WARN_QUOTED_INCLUDE_IN_FRAMEWORK_HEADER = YES;
				CLANG_WARN_RANGE_LOOP_ANALYSIS = YES;
				CLANG_WARN_STRICT_PROTOTYPES = YES;
				CLANG_WARN_SUSPICIOUS_MOVE = YES;
				CLANG_WARN_UNGUARDED_AVAILABILITY = YES_AGGRESSIVE;
				CLANG_WARN_UNREACHABLE_CODE = YES;
				CLANG_WARN__DUPLICATE_METHOD_MATCH = YES;
				COPY_PHASE_STRIP = NO;
				DEBUG_INFORMATION_FORMAT = dwarf;
				ENABLE_STRICT_OBJC_MSGSEND = YES;
				ENABLE_TESTABILITY = YES;
				GCC_C_LANGUAGE_STANDARD = gnu11;
				GCC_DYNAMIC_NO_PIC = NO;
				GCC_NO_COMMON_BLOCKS = YES;
				GCC_OPTIMIZATION_LEVEL = 0;
				GCC_PREPROCESSOR_DEFINITIONS = (
					"DEBUG=1",
					"$(inherited)",
				);
				GCC_WARN_64_TO_32_BIT_CONVERSION = YES;
				GCC_WARN_ABOUT_RETURN_TYPE = YES_ERROR;
				GCC_WARN_UNDECLARED_SELECTOR = YES;
				GCC_WARN_UNINITIALIZED_AUTOS = YES_AGGRESSIVE;
				GCC_WARN_UNUSED_FUNCTION = YES;
				GCC_WARN_UNUSED_VARIABLE = YES;
				IPHONEOS_DEPLOYMENT_TARGET = 16.2;
				MTL_ENABLE_DEBUG_INFO = INCLUDE_SOURCE;
				MTL_FAST_MATH = YES;
				ONLY_ACTIVE_ARCH = YES;
				SDKROOT = iphoneos;
				SWIFT_ACTIVE_COMPILATION_CONDITIONS = DEBUG;
				SWIFT_OPTIMIZATION_LEVEL = "-Onone";
			};
			name = Debug;
		};
		36D8F58029CAB8D500AB703B /* Release */ = {
			isa = XCBuildConfiguration;
			buildSettings = {
				ALWAYS_SEARCH_USER_PATHS = NO;
				CLANG_ANALYZER_NONNULL = YES;
				CLANG_ANALYZER_NUMBER_OBJECT_CONVERSION = YES_AGGRESSIVE;
				CLANG_CXX_LANGUAGE_STANDARD = "gnu++20";
				CLANG_ENABLE_MODULES = YES;
				CLANG_ENABLE_OBJC_ARC = YES;
				CLANG_ENABLE_OBJC_WEAK = YES;
				CLANG_WARN_BLOCK_CAPTURE_AUTORELEASING = YES;
				CLANG_WARN_BOOL_CONVERSION = YES;
				CLANG_WARN_COMMA = YES;
				CLANG_WARN_CONSTANT_CONVERSION = YES;
				CLANG_WARN_DEPRECATED_OBJC_IMPLEMENTATIONS = YES;
				CLANG_WARN_DIRECT_OBJC_ISA_USAGE = YES_ERROR;
				CLANG_WARN_DOCUMENTATION_COMMENTS = YES;
				CLANG_WARN_EMPTY_BODY = YES;
				CLANG_WARN_ENUM_CONVERSION = YES;
				CLANG_WARN_INFINITE_RECURSION = YES;
				CLANG_WARN_INT_CONVERSION = YES;
				CLANG_WARN_NON_LITERAL_NULL_CONVERSION = YES;
				CLANG_WARN_OBJC_IMPLICIT_RETAIN_SELF = YES;
				CLANG_WARN_OBJC_LITERAL_CONVERSION = YES;
				CLANG_WARN_OBJC_ROOT_CLASS = YES_ERROR;
				CLANG_WARN_QUOTED_INCLUDE_IN_FRAMEWORK_HEADER = YES;
				CLANG_WARN_RANGE_LOOP_ANALYSIS = YES;
				CLANG_WARN_STRICT_PROTOTYPES = YES;
				CLANG_WARN_SUSPICIOUS_MOVE = YES;
				CLANG_WARN_UNGUARDED_AVAILABILITY = YES_AGGRESSIVE;
				CLANG_WARN_UNREACHABLE_CODE = YES;
				CLANG_WARN__DUPLICATE_METHOD_MATCH = YES;
				COPY_PHASE_STRIP = NO;
				DEBUG_INFORMATION_FORMAT = "dwarf-with-dsym";
				ENABLE_NS_ASSERTIONS = NO;
				ENABLE_STRICT_OBJC_MSGSEND = YES;
				GCC_C_LANGUAGE_STANDARD = gnu11;
				GCC_NO_COMMON_BLOCKS = YES;
				GCC_WARN_64_TO_32_BIT_CONVERSION = YES;
				GCC_WARN_ABOUT_RETURN_TYPE = YES_ERROR;
				GCC_WARN_UNDECLARED_SELECTOR = YES;
				GCC_WARN_UNINITIALIZED_AUTOS = YES_AGGRESSIVE;
				GCC_WARN_UNUSED_FUNCTION = YES;
				GCC_WARN_UNUSED_VARIABLE = YES;
				IPHONEOS_DEPLOYMENT_TARGET = 16.2;
				MTL_ENABLE_DEBUG_INFO = NO;
				MTL_FAST_MATH = YES;
				SDKROOT = iphoneos;
				SWIFT_COMPILATION_MODE = wholemodule;
				SWIFT_OPTIMIZATION_LEVEL = "-O";
				VALIDATE_PRODUCT = YES;
			};
			name = Release;
		};
		36D8F58229CAB8D500AB703B /* Debug */ = {
			isa = XCBuildConfiguration;
			buildSettings = {
				ASSETCATALOG_COMPILER_APPICON_NAME = AppIcon;
				ASSETCATALOG_COMPILER_GLOBAL_ACCENT_COLOR_NAME = AccentColor;
				CODE_SIGN_STYLE = Automatic;
				CURRENT_PROJECT_VERSION = 1;
				DEVELOPMENT_ASSET_PATHS = "\"FoodStorage/Preview Content\"";
				DEVELOPMENT_TEAM = PWTL37LPKK;
				ENABLE_PREVIEWS = YES;
				GENERATE_INFOPLIST_FILE = YES;
				INFOPLIST_KEY_UIApplicationSceneManifest_Generation = YES;
				INFOPLIST_KEY_UIApplicationSupportsIndirectInputEvents = YES;
				INFOPLIST_KEY_UILaunchScreen_Generation = YES;
				INFOPLIST_KEY_UISupportedInterfaceOrientations_iPad = "UIInterfaceOrientationPortrait UIInterfaceOrientationPortraitUpsideDown UIInterfaceOrientationLandscapeLeft UIInterfaceOrientationLandscapeRight";
				INFOPLIST_KEY_UISupportedInterfaceOrientations_iPhone = "UIInterfaceOrientationPortrait UIInterfaceOrientationLandscapeLeft UIInterfaceOrientationLandscapeRight";
				LD_RUNPATH_SEARCH_PATHS = (
					"$(inherited)",
					"@executable_path/Frameworks",
				);
				MARKETING_VERSION = 1.0;
				PRODUCT_BUNDLE_IDENTIFIER = swift.FoodStorage;
				PRODUCT_NAME = "$(TARGET_NAME)";
				SWIFT_EMIT_LOC_STRINGS = YES;
				SWIFT_VERSION = 5.0;
				TARGETED_DEVICE_FAMILY = "1,2";
			};
			name = Debug;
		};
		36D8F58329CAB8D500AB703B /* Release */ = {
			isa = XCBuildConfiguration;
			buildSettings = {
				ASSETCATALOG_COMPILER_APPICON_NAME = AppIcon;
				ASSETCATALOG_COMPILER_GLOBAL_ACCENT_COLOR_NAME = AccentColor;
				CODE_SIGN_STYLE = Automatic;
				CURRENT_PROJECT_VERSION = 1;
				DEVELOPMENT_ASSET_PATHS = "\"FoodStorage/Preview Content\"";
				DEVELOPMENT_TEAM = PWTL37LPKK;
				ENABLE_PREVIEWS = YES;
				GENERATE_INFOPLIST_FILE = YES;
				INFOPLIST_KEY_UIApplicationSceneManifest_Generation = YES;
				INFOPLIST_KEY_UIApplicationSupportsIndirectInputEvents = YES;
				INFOPLIST_KEY_UILaunchScreen_Generation = YES;
				INFOPLIST_KEY_UISupportedInterfaceOrientations_iPad = "UIInterfaceOrientationPortrait UIInterfaceOrientationPortraitUpsideDown UIInterfaceOrientationLandscapeLeft UIInterfaceOrientationLandscapeRight";
				INFOPLIST_KEY_UISupportedInterfaceOrientations_iPhone = "UIInterfaceOrientationPortrait UIInterfaceOrientationLandscapeLeft UIInterfaceOrientationLandscapeRight";
				LD_RUNPATH_SEARCH_PATHS = (
					"$(inherited)",
					"@executable_path/Frameworks",
				);
				MARKETING_VERSION = 1.0;
				PRODUCT_BUNDLE_IDENTIFIER = swift.FoodStorage;
				PRODUCT_NAME = "$(TARGET_NAME)";
				SWIFT_EMIT_LOC_STRINGS = YES;
				SWIFT_VERSION = 5.0;
				TARGETED_DEVICE_FAMILY = "1,2";
			};
			name = Release;
		};
/* End XCBuildConfiguration section */

/* Begin XCConfigurationList section */
		36D8F56929CAB8D400AB703B /* Build configuration list for PBXProject "FoodStorage" */ = {
			isa = XCConfigurationList;
			buildConfigurations = (
				36D8F57F29CAB8D500AB703B /* Debug */,
				36D8F58029CAB8D500AB703B /* Release */,
			);
			defaultConfigurationIsVisible = 0;
			defaultConfigurationName = Release;
		};
		36D8F58129CAB8D500AB703B /* Build configuration list for PBXNativeTarget "FoodStorage" */ = {
			isa = XCConfigurationList;
			buildConfigurations = (
				36D8F58229CAB8D500AB703B /* Debug */,
				36D8F58329CAB8D500AB703B /* Release */,
			);
			defaultConfigurationIsVisible = 0;
			defaultConfigurationName = Release;
		};
/* End XCConfigurationList section */

/* Begin XCVersionGroup section */
		36D8F57C29CAB8D500AB703B /* FoodStorage.xcdatamodeld */ = {
			isa = XCVersionGroup;
			children = (
				36D8F57D29CAB8D500AB703B /* FoodStorage.xcdatamodel */,
			);
			currentVersion = 36D8F57D29CAB8D500AB703B /* FoodStorage.xcdatamodel */;
			path = FoodStorage.xcdatamodeld;
			sourceTree = "<group>";
			versionGroupType = wrapper.xcdatamodel;
		};
/* End XCVersionGroup section */
	};
	rootObject = 36D8F56629CAB8D400AB703B /* Project object */;
}
